<?xml version="1.0" encoding="utf-8"?>
<Project ToolsVersion="4.0" xmlns="http://schemas.microsoft.com/developer/msbuild/2003">
  <ItemGroup>
    <ClInclude Include="stdafx.h" />
    <ClInclude Include="targetver.h" />
    <ClInclude Include="..\..\140616\Game\Graphic\DxInit.h">
      <Filter>graphic</Filter>
    </ClInclude>
    <ClInclude Include="graphic.h" />
    <ClInclude Include="texture.h" />
    <ClInclude Include="vertexbuffer.h" />
  </ItemGroup>
  <ItemGroup>
    <ClCompile Include="stdafx.cpp" />
    <ClCompile Include="..\..\140616\Game\Graphic\DxInit.cpp">
      <Filter>graphic</Filter>
    </ClCompile>
    <ClCompile Include="texture.cpp" />
    <ClCompile Include="vertexbuffer.cpp" />
  </ItemGroup>
  <ItemGroup>
    <Filter Include="graphic">
      <UniqueIdentifier>{a64e703f-62dc-4acf-9b7f-075fffaad710}</UniqueIdentifier>
    </Filter>
  </ItemGroup>
</Project>