
Microsoft Visual Studio Solution File, Format Version 11.00
# Visual Studio 2010
Project("{8BC9CEB8-8B4A-11D0-8D11-00A0C91BC942}") = "MapTool", "MapTool.vcxproj", "{59D995D2-CDBA-4147-BFF8-5214D55FD36B}"
EndProject
Project("{2150E333-8FDC-42A3-9474-1A3956D46DE8}") = "Solution Items", "Solution Items", "{7E8CC81F-3A99-44A9-B53B-960C5A386E06}"
	ProjectSection(SolutionItems) = preProject
		강의내용.txt = 강의내용.txt
	EndProjectSection
EndProject
Global
	GlobalSection(SolutionConfigurationPlatforms) = preSolution
		Debug|Win32 = Debug|Win32
		Release|Win32 = Release|Win32
	EndGlobalSection
	GlobalSection(ProjectConfigurationPlatforms) = postSolution
		{59D995D2-CDBA-4147-BFF8-5214D55FD36B}.Debug|Win32.ActiveCfg = Debug|Win32
		{59D995D2-CDBA-4147-BFF8-5214D55FD36B}.Debug|Win32.Build.0 = Debug|Win32
		{59D995D2-CDBA-4147-BFF8-5214D55FD36B}.Release|Win32.ActiveCfg = Release|Win32
		{59D995D2-CDBA-4147-BFF8-5214D55FD36B}.Release|Win32.Build.0 = Release|Win32
	EndGlobalSection
	GlobalSection(SolutionProperties) = preSolution
		HideSolutionNode = FALSE
	EndGlobalSection
EndGlobal
